
Microsoft Visual Studio Solution File, Format Version 12.00
# Visual Studio Version 17
VisualStudioVersion = 17.6.33723.286
MinimumVisualStudioVersion = 10.0.40219.1
Project("{FAE04EC0-301F-11D3-BF4B-00C04F79EFBC}") = "ChallengeMethods", "ChallengeMethods\ChallengeMethods.csproj", "{366E054E-96B2-42E4-B917-734FEADEBA97}"
EndProject
Global
	GlobalSection(SolutionConfigurationPlatforms) = preSolution
		Debug|Any CPU = Debug|Any CPU
		Release|Any CPU = Release|Any CPU
	EndGlobalSection
	GlobalSection(ProjectConfigurationPlatforms) = postSolution
		{366E054E-96B2-42E4-B917-734FEADEBA97}.Debug|Any CPU.ActiveCfg = Debug|Any CPU
		{366E054E-96B2-42E4-B917-734FEADEBA97}.Debug|Any CPU.Build.0 = Debug|Any CPU
		{366E054E-96B2-42E4-B917-734FEADEBA97}.Release|Any CPU.ActiveCfg = Release|Any CPU
		{366E054E-96B2-42E4-B917-734FEADEBA97}.Release|Any CPU.Build.0 = Release|Any CPU
	EndGlobalSection
	GlobalSection(SolutionProperties) = preSolution
		HideSolutionNode = FALSE
	EndGlobalSection
	GlobalSection(ExtensibilityGlobals) = postSolution
		SolutionGuid = {11143314-59EE-4AC4-A499-E848F32BD6D1}
	EndGlobalSection
EndGlobal
